Microsoft Visual Studio Solution File, Format Version 12.00
# Visual Studio Version 17
VisualStudioVersion = 17.7.33927.210
MinimumVisualStudioVersion = 10.0.40219.1
Project("{9A19103F-16F7-4668-BE54-9A1E7A4F7556}") = "HtmlBlock", "HtmlBlock\HtmlBlock\HtmlBlock.csproj", "{599599FD-5377-4B83-8451-9CE53DBEA5A2}"
EndProject
Project("{FAE04EC0-301F-11D3-BF4B-00C04F79EFBC}") = "HtmlBlock.SampleApp", "HtmlBlock\HtmlBlock.SampleApp\HtmlBlock.SampleApp.csproj", "{26DDE2AE-3AC9-4116-8FD9-5C8DE10BEE6E}"
EndProject
Project("{2150E333-8FDC-42A3-9474-1A3956D46DE8}") = "Libs", "Libs", "{7F95F24E-8AA5-4D5C-BD14-FE7822B375AD}"
EndProject
Project("{2150E333-8FDC-42A3-9474-1A3956D46DE8}") = "ColorCode-Universal", "ColorCode-Universal", "{EBCCF0DE-A3D6-4C83-AE84-B41AFA87D2CF}"
EndProject
Project("{2150E333-8FDC-42A3-9474-1A3956D46DE8}") = "WindowsCommunityToolkit", "WindowsCommunityToolkit", "{88292849-7A7B-46AA-B2DC-D983B4DD2D4C}"
EndProject
Project("{9A19103F-16F7-4668-BE54-9A1E7A4F7556}") = "Microsoft.Toolkit.Uwp", "HtmlBlock\WindowsCommunityToolkit\Microsoft.Toolkit.Uwp\Microsoft.Toolkit.Uwp.csproj", "{C6760AEE-E80D-47D5-BE4E-822E43AC689F}"
EndProject
Project("{9A19103F-16F7-4668-BE54-9A1E7A4F7556}") = "Microsoft.Toolkit.Uwp.UI", "HtmlBlock\WindowsCommunityToolkit\Microsoft.Toolkit.Uwp.UI\Microsoft.Toolkit.Uwp.UI.csproj", "{BBCD540F-D6D5-4C93-9F1F-7DFD61BF532F}"
EndProject
Global
	GlobalSection(SolutionConfigurationPlatforms) = preSolution
		Debug|Any CPU = Debug|Any CPU
		Debug|ARM = Debug|ARM
		Debug|ARM64 = Debug|ARM64
		Debug|x64 = Debug|x64
		Debug|x86 = Debug|x86
		Release|Any CPU = Release|Any CPU
		Release|ARM = Release|ARM
		Release|ARM64 = Release|ARM64
		Release|x64 = Release|x64
		Release|x86 = Release|x86
	EndGlobalSection
	GlobalSection(ProjectConfigurationPlatforms) = postSolution
		{599599FD-5377-4B83-8451-9CE53DBEA5A2}.Debug|Any CPU.ActiveCfg = Debug|Any CPU
		{599599FD-5377-4B83-8451-9CE53DBEA5A2}.Debug|Any CPU.Build.0 = Debug|Any CPU
		{599599FD-5377-4B83-8451-9CE53DBEA5A2}.Debug|ARM.ActiveCfg = Debug|Any CPU
		{599599FD-5377-4B83-8451-9CE53DBEA5A2}.Debug|ARM.Build.0 = Debug|Any CPU
		{599599FD-5377-4B83-8451-9CE53DBEA5A2}.Debug|ARM64.ActiveCfg = Debug|Any CPU
		{599599FD-5377-4B83-8451-9CE53DBEA5A2}.Debug|ARM64.Build.0 = Debug|Any CPU
		{599599FD-5377-4B83-8451-9CE53DBEA5A2}.Debug|x64.ActiveCfg = Debug|Any CPU
		{599599FD-5377-4B83-8451-9CE53DBEA5A2}.Debug|x64.Build.0 = Debug|Any CPU
		{599599FD-5377-4B83-8451-9CE53DBEA5A2}.Debug|x86.ActiveCfg = Debug|Any CPU
		{599599FD-5377-4B83-8451-9CE53DBEA5A2}.Debug|x86.Build.0 = Debug|Any CPU
		{599599FD-5377-4B83-8451-9CE53DBEA5A2}.Release|Any CPU.ActiveCfg = Release|Any CPU
		{599599FD-5377-4B83-8451-9CE53DBEA5A2}.Release|Any CPU.Build.0 = Release|Any CPU
		{599599FD-5377-4B83-8451-9CE53DBEA5A2}.Release|ARM.ActiveCfg = Release|Any CPU
		{599599FD-5377-4B83-8451-9CE53DBEA5A2}.Release|ARM.Build.0 = Release|Any CPU
		{599599FD-5377-4B83-8451-9CE53DBEA5A2}.Release|ARM64.ActiveCfg = Release|Any CPU
		{599599FD-5377-4B83-8451-9CE53DBEA5A2}.Release|ARM64.Build.0 = Release|Any CPU
		{599599FD-5377-4B83-8451-9CE53DBEA5A2}.Release|x64.ActiveCfg = Release|Any CPU
		{599599FD-5377-4B83-8451-9CE53DBEA5A2}.Release|x64.Build.0 = Release|Any CPU
		{599599FD-5377-4B83-8451-9CE53DBEA5A2}.Release|x86.ActiveCfg = Release|Any CPU
		{599599FD-5377-4B83-8451-9CE53DBEA5A2}.Release|x86.Build.0 = Release|Any CPU
		{26DDE2AE-3AC9-4116-8FD9-5C8DE10BEE6E}.Debug|Any CPU.ActiveCfg = Debug|x64
		{26DDE2AE-3AC9-4116-8FD9-5C8DE10BEE6E}.Debug|Any CPU.Build.0 = Debug|x64
		{26DDE2AE-3AC9-4116-8FD9-5C8DE10BEE6E}.Debug|Any CPU.Deploy.0 = Debug|x64
		{26DDE2AE-3AC9-4116-8FD9-5C8DE10BEE6E}.Debug|ARM.ActiveCfg = Debug|ARM
		{26DDE2AE-3AC9-4116-8FD9-5C8DE10BEE6E}.Debug|ARM.Build.0 = Debug|ARM
		{26DDE2AE-3AC9-4116-8FD9-5C8DE10BEE6E}.Debug|ARM.Deploy.0 = Debug|ARM
		{26DDE2AE-3AC9-4116-8FD9-5C8DE10BEE6E}.Debug|ARM64.ActiveCfg = Debug|ARM64
		{26DDE2AE-3AC9-4116-8FD9-5C8DE10BEE6E}.Debug|ARM64.Build.0 = Debug|ARM64
		{26DDE2AE-3AC9-4116-8FD9-5C8DE10BEE6E}.Debug|ARM64.Deploy.0 = Debug|ARM64
		{26DDE2AE-3AC9-4116-8FD9-5C8DE10BEE6E}.Debug|x64.ActiveCfg = Debug|x64
		{26DDE2AE-3AC9-4116-8FD9-5C8DE10BEE6E}.Debug|x64.Build.0 = Debug|x64
		{26DDE2AE-3AC9-4116-8FD9-5C8DE10BEE6E}.Debug|x64.Deploy.0 = Debug|x64
		{26DDE2AE-3AC9-4116-8FD9-5C8DE10BEE6E}.Debug|x86.ActiveCfg = Debug|x86
		{26DDE2AE-3AC9-4116-8FD9-5C8DE10BEE6E}.Debug|x86.Build.0 = Debug|x86
		{26DDE2AE-3AC9-4116-8FD9-5C8DE10BEE6E}.Debug|x86.Deploy.0 = Debug|x86
		{26DDE2AE-3AC9-4116-8FD9-5C8DE10BEE6E}.Release|Any CPU.ActiveCfg = Release|x64
		{26DDE2AE-3AC9-4116-8FD9-5C8DE10BEE6E}.Release|Any CPU.Build.0 = Release|x64
		{26DDE2AE-3AC9-4116-8FD9-5C8DE10BEE6E}.Release|Any CPU.Deploy.0 = Release|x64
		{26DDE2AE-3AC9-4116-8FD9-5C8DE10BEE6E}.Release|ARM.ActiveCfg = Release|ARM
		{26DDE2AE-3AC9-4116-8FD9-5C8DE10BEE6E}.Release|ARM.Build.0 = Release|ARM
		{26DDE2AE-3AC9-4116-8FD9-5C8DE10BEE6E}.Release|ARM.Deploy.0 = Release|ARM
		{26DDE2AE-3AC9-4116-8FD9-5C8DE10BEE6E}.Release|ARM64.ActiveCfg = Release|ARM64
		{26DDE2AE-3AC9-4116-8FD9-5C8DE10BEE6E}.Release|ARM64.Build.0 = Release|ARM64
		{26DDE2AE-3AC9-4116-8FD9-5C8DE10BEE6E}.Release|ARM64.Deploy.0 = Release|ARM64
		{26DDE2AE-3AC9-4116-8FD9-5C8DE10BEE6E}.Release|x64.ActiveCfg = Release|x64
		{26DDE2AE-3AC9-4116-8FD9-5C8DE10BEE6E}.Release|x64.Build.0 = Release|x64
		{26DDE2AE-3AC9-4116-8FD9-5C8DE10BEE6E}.Release|x64.Deploy.0 = Release|x64
		{26DDE2AE-3AC9-4116-8FD9-5C8DE10BEE6E}.Release|x86.ActiveCfg = Release|x86
		{26DDE2AE-3AC9-4116-8FD9-5C8DE10BEE6E}.Release|x86.Build.0 = Release|x86
		{26DDE2AE-3AC9-4116-8FD9-5C8DE10BEE6E}.Release|x86.Deploy.0 = Release|x86
		{C6760AEE-E80D-47D5-BE4E-822E43AC689F}.Debug|Any CPU.ActiveCfg = Debug|Any CPU
		{C6760AEE-E80D-47D5-BE4E-822E43AC689F}.Debug|Any CPU.Build.0 = Debug|Any CPU
		{C6760AEE-E80D-47D5-BE4E-822E43AC689F}.Debug|ARM.ActiveCfg = Debug|Any CPU
		{C6760AEE-E80D-47D5-BE4E-822E43AC689F}.Debug|ARM.Build.0 = Debug|Any CPU
		{C6760AEE-E80D-47D5-BE4E-822E43AC689F}.Debug|ARM64.ActiveCfg = Debug|Any CPU
		{C6760AEE-E80D-47D5-BE4E-822E43AC689F}.Debug|ARM64.Build.0 = Debug|Any CPU
		{C6760AEE-E80D-47D5-BE4E-822E43AC689F}.Debug|x64.ActiveCfg = Debug|Any CPU
		{C6760AEE-E80D-47D5-BE4E-822E43AC689F}.Debug|x64.Build.0 = Debug|Any CPU
		{C6760AEE-E80D-47D5-BE4E-822E43AC689F}.Debug|x86.ActiveCfg = Debug|Any CPU
		{C6760AEE-E80D-47D5-BE4E-822E43AC689F}.Debug|x86.Build.0 = Debug|Any CPU
		{C6760AEE-E80D-47D5-BE4E-822E43AC689F}.Release|Any CPU.ActiveCfg = Release|Any CPU
		{C6760AEE-E80D-47D5-BE4E-822E43AC689F}.Release|Any CPU.Build.0 = Release|Any CPU
		{C6760AEE-E80D-47D5-BE4E-822E43AC689F}.Release|ARM.ActiveCfg = Release|Any CPU
		{C6760AEE-E80D-47D5-BE4E-822E43AC689F}.Release|ARM.Build.0 = Release|Any CPU
		{C6760AEE-E80D-47D5-BE4E-822E43AC689F}.Release|ARM64.ActiveCfg = Release|Any CPU
		{C6760AEE-E80D-47D5-BE4E-822E43AC689F}.Release|ARM64.Build.0 = Release|Any CPU
		{C6760AEE-E80D-47D5-BE4E-822E43AC689F}.Release|x64.ActiveCfg = Release|Any CPU
		{C6760AEE-E80D-47D5-BE4E-822E43AC689F}.Release|x64.Build.0 = Release|Any CPU
		{C6760AEE-E80D-47D5-BE4E-822E43AC689F}.Release|x86.ActiveCfg = Release|Any CPU
		{C6760AEE-E80D-47D5-BE4E-822E43AC689F}.Release|x86.Build.0 = Release|Any CPU
		{BBCD540F-D6D5-4C93-9F1F-7DFD61BF532F}.Debug|Any CPU.ActiveCfg = Debug|Any CPU
		{BBCD540F-D6D5-4C93-9F1F-7DFD61BF532F}.Debug|Any CPU.Build.0 = Debug|Any CPU
		{BBCD540F-D6D5-4C93-9F1F-7DFD61BF532F}.Debug|ARM.ActiveCfg = Debug|Any CPU
		{BBCD540F-D6D5-4C93-9F1F-7DFD61BF532F}.Debug|ARM.Build.0 = Debug|Any CPU
		{BBCD540F-D6D5-4C93-9F1F-7DFD61BF532F}.Debug|ARM64.ActiveCfg = Debug|Any CPU
		{BBCD540F-D6D5-4C93-9F1F-7DFD61BF532F}.Debug|ARM64.Build.0 = Debug|Any CPU
		{BBCD540F-D6D5-4C93-9F1F-7DFD61BF532F}.Debug|x64.ActiveCfg = Debug|Any CPU
		{BBCD540F-D6D5-4C93-9F1F-7DFD61BF532F}.Debug|x64.Build.0 = Debug|Any CPU
		{BBCD540F-D6D5-4C93-9F1F-7DFD61BF532F}.Debug|x86.ActiveCfg = Debug|Any CPU
		{BBCD540F-D6D5-4C93-9F1F-7DFD61BF532F}.Debug|x86.Build.0 = Debug|Any CPU
		{BBCD540F-D6D5-4C93-9F1F-7DFD61BF532F}.Release|Any CPU.ActiveCfg = Release|Any CPU
		{BBCD540F-D6D5-4C93-9F1F-7DFD61BF532F}.Release|Any CPU.Build.0 = Release|Any CPU
		{BBCD540F-D6D5-4C93-9F1F-7DFD61BF532F}.Release|ARM.ActiveCfg = Release|Any CPU
		{BBCD540F-D6D5-4C93-9F1F-7DFD61BF532F}.Release|ARM.Build.0 = Release|Any CPU
		{BBCD540F-D6D5-4C93-9F1F-7DFD61BF532F}.Release|ARM64.ActiveCfg = Release|Any CPU
		{BBCD540F-D6D5-4C93-9F1F-7DFD61BF532F}.Release|ARM64.Build.0 = Release|Any CPU
		{BBCD540F-D6D5-4C93-9F1F-7DFD61BF532F}.Release|x64.ActiveCfg = Release|Any CPU
		{BBCD540F-D6D5-4C93-9F1F-7DFD61BF532F}.Release|x64.Build.0 = Release|Any CPU
		{BBCD540F-D6D5-4C93-9F1F-7DFD61BF532F}.Release|x86.ActiveCfg = Release|Any CPU
		{BBCD540F-D6D5-4C93-9F1F-7DFD61BF532F}.Release|x86.Build.0 = Release|Any CPU
	EndGlobalSection
	GlobalSection(SolutionProperties) = preSolution
		HideSolutionNode = FALSE
	EndGlobalSection
	GlobalSection(NestedProjects) = preSolution
		{EBCCF0DE-A3D6-4C83-AE84-B41AFA87D2CF} = {7F95F24E-8AA5-4D5C-BD14-FE7822B375AD}
		{88292849-7A7B-46AA-B2DC-D983B4DD2D4C} = {7F95F24E-8AA5-4D5C-BD14-FE7822B375AD}
		{C6760AEE-E80D-47D5-BE4E-822E43AC689F} = {88292849-7A7B-46AA-B2DC-D983B4DD2D4C}
		{BBCD540F-D6D5-4C93-9F1F-7DFD61BF532F} = {88292849-7A7B-46AA-B2DC-D983B4DD2D4C}
	EndGlobalSection
	GlobalSection(ExtensibilityGlobals) = postSolution
		SolutionGuid = {A733BFB6-4ECC-4E43-9988-026361725016}
	EndGlobalSection
EndGlobal
